
Microsoft Visual Studio Solution File, Format Version 12.00
# Visual Studio 15
VisualStudioVersion = 15.0.26730.16
MinimumVisualStudioVersion = 10.0.40219.1
Project("{9A19103F-16F7-4668-BE54-9A1E7A4F7556}") = "NinjaSubs.Web", "NinjaSubs.Web\NinjaSubs.Web.csproj", "{8A14224C-47BF-4620-AA27-7FC7349F883E}"
EndProject
Project("{9A19103F-16F7-4668-BE54-9A1E7A4F7556}") = "NinjaSubs.Data", "NinjaSubs.Data\NinjaSubs.Data.csproj", "{50DC9A01-816A-4904-9321-15A9FDFC23B2}"
EndProject
Project("{9A19103F-16F7-4668-BE54-9A1E7A4F7556}") = "NinjaSubs.Common", "NinjaSubs.Common\NinjaSubs.Common.csproj", "{0E5818DA-DD55-4135-BBC9-599396D231B8}"
EndProject
Project("{9A19103F-16F7-4668-BE54-9A1E7A4F7556}") = "NinjaSubs.Services", "NinjaSubs.Services\NinjaSubs.Services.csproj", "{57F753C0-DB7C-423D-8EB4-009FD93E9D37}"
EndProject
Project("{FAE04EC0-301F-11D3-BF4B-00C04F79EFBC}") = "NinjaSubs.Test", "NinjaSubs.Test\NinjaSubs.Test.csproj", "{C4A76A70-D302-44B8-8B3A-2140CC142FEA}"
EndProject
Global
	GlobalSection(SolutionConfigurationPlatforms) = preSolution
		Debug|Any CPU = Debug|Any CPU
		Release|Any CPU = Release|Any CPU
	EndGlobalSection
	GlobalSection(ProjectConfigurationPlatforms) = postSolution
		{8A14224C-47BF-4620-AA27-7FC7349F883E}.Debug|Any CPU.ActiveCfg = Debug|Any CPU
		{8A14224C-47BF-4620-AA27-7FC7349F883E}.Debug|Any CPU.Build.0 = Debug|Any CPU
		{8A14224C-47BF-4620-AA27-7FC7349F883E}.Release|Any CPU.ActiveCfg = Release|Any CPU
		{8A14224C-47BF-4620-AA27-7FC7349F883E}.Release|Any CPU.Build.0 = Release|Any CPU
		{50DC9A01-816A-4904-9321-15A9FDFC23B2}.Debug|Any CPU.ActiveCfg = Debug|Any CPU
		{50DC9A01-816A-4904-9321-15A9FDFC23B2}.Debug|Any CPU.Build.0 = Debug|Any CPU
		{50DC9A01-816A-4904-9321-15A9FDFC23B2}.Release|Any CPU.ActiveCfg = Release|Any CPU
		{50DC9A01-816A-4904-9321-15A9FDFC23B2}.Release|Any CPU.Build.0 = Release|Any CPU
		{0E5818DA-DD55-4135-BBC9-599396D231B8}.Debug|Any CPU.ActiveCfg = Debug|Any CPU
		{0E5818DA-DD55-4135-BBC9-599396D231B8}.Debug|Any CPU.Build.0 = Debug|Any CPU
		{0E5818DA-DD55-4135-BBC9-599396D231B8}.Release|Any CPU.ActiveCfg = Release|Any CPU
		{0E5818DA-DD55-4135-BBC9-599396D231B8}.Release|Any CPU.Build.0 = Release|Any CPU
		{57F753C0-DB7C-423D-8EB4-009FD93E9D37}.Debug|Any CPU.ActiveCfg = Debug|Any CPU
		{57F753C0-DB7C-423D-8EB4-009FD93E9D37}.Debug|Any CPU.Build.0 = Debug|Any CPU
		{57F753C0-DB7C-423D-8EB4-009FD93E9D37}.Release|Any CPU.ActiveCfg = Release|Any CPU
		{57F753C0-DB7C-423D-8EB4-009FD93E9D37}.Release|Any CPU.Build.0 = Release|Any CPU
		{C4A76A70-D302-44B8-8B3A-2140CC142FEA}.Debug|Any CPU.ActiveCfg = Debug|Any CPU
		{C4A76A70-D302-44B8-8B3A-2140CC142FEA}.Debug|Any CPU.Build.0 = Debug|Any CPU
		{C4A76A70-D302-44B8-8B3A-2140CC142FEA}.Release|Any CPU.ActiveCfg = Release|Any CPU
		{C4A76A70-D302-44B8-8B3A-2140CC142FEA}.Release|Any CPU.Build.0 = Release|Any CPU
	EndGlobalSection
	GlobalSection(SolutionProperties) = preSolution
		HideSolutionNode = FALSE
	EndGlobalSection
	GlobalSection(ExtensibilityGlobals) = postSolution
		SolutionGuid = {E89E6D8A-365B-462D-A176-55A12020AFE3}
	EndGlobalSection
EndGlobal
